symfony 848f87504de4cf825f1e44f20e89fb266f64e653
twig 0b7d6dfa0cf0dfb6a3c5745b6434ebd6ea32e90e
monolog b704c49a3051536f67f2d39f13568f74615b9922
twig-extensions 3076c971976e1baaf86e5820c7a1da3f5c1c14eb
SensioDistributionBundle 64ae64795c794e34d964a67e76f0584444189fc2
KnpMenu 138b735bab508eb3d7266ff64041bb715595b662
KnpMenuBundle ca66d876ec60e5e7b714ab03cebcc414b5f3f52f